# THIS IS AN AUTOGENERATED FILE. DO NOT EDIT THIS FILE DIRECTLY.
# yarn lockfile v1


"@youwol/dataframe@0.0.37":
  version "0.0.37"
  resolved "https://registry.yarnpkg.com/@youwol/dataframe/-/dataframe-0.0.37.tgz#4bf388c231d335beb2d2628684be10283110d5f7"
  integrity sha512-FrjK6zeAyN+JsXsCv3dfpDciJw4GHaOtYoFyoQUOZd8oV2GASZ5x3N2oi2l7O0lharXX+dcaMina97yOaEDXjA==

"@youwol/math@0.0.27":
  version "0.0.27"
  resolved "https://registry.yarnpkg.com/@youwol/math/-/math-0.0.27.tgz#7a111564bd7fe9ecc4dcea88002a45b9dc6b5b7b"
  integrity sha512-zG7r3bt7gKC0YCZ+46f/sFxVa1m/YWDwytEPye9wJBY86SdlT9muWqBqxhIJtQD6l2a5TMXNCUQTHM7M5AZtRA==
